
Microsoft Visual Studio Solution File, Format Version 12.00
# Visual Studio Version 16
VisualStudioVersion = 16.0.30503.244
MinimumVisualStudioVersion = 10.0.40219.1
Project("{FAE04EC0-301F-11D3-BF4B-00C04F79EFBC}") = "Find the corrosponding node in a clone of that tree", "Find the corrosponding node in a clone of that tree\Find the corrosponding node in a clone of that tree.csproj", "{4C78068C-4D6E-4330-B403-3501A6D1778A}"
EndProject
Global
	GlobalSection(SolutionConfigurationPlatforms) = preSolution
		Debug|Any CPU = Debug|Any CPU
		Release|Any CPU = Release|Any CPU
	EndGlobalSection
	GlobalSection(ProjectConfigurationPlatforms) = postSolution
		{4C78068C-4D6E-4330-B403-3501A6D1778A}.Debug|Any CPU.ActiveCfg = Debug|Any CPU
		{4C78068C-4D6E-4330-B403-3501A6D1778A}.Debug|Any CPU.Build.0 = Debug|Any CPU
		{4C78068C-4D6E-4330-B403-3501A6D1778A}.Release|Any CPU.ActiveCfg = Release|Any CPU
		{4C78068C-4D6E-4330-B403-3501A6D1778A}.Release|Any CPU.Build.0 = Release|Any CPU
	EndGlobalSection
	GlobalSection(SolutionProperties) = preSolution
		HideSolutionNode = FALSE
	EndGlobalSection
	GlobalSection(ExtensibilityGlobals) = postSolution
		SolutionGuid = {248C8164-1706-4168-8D24-F774D62AEF7A}
	EndGlobalSection
EndGlobal
